// !$*UTF8*$!
{
	archiveVersion = 1;
	classes = {
	};
	objectVersion = 46;
	objects = {

/* Begin PBXBuildFile section */
		6024DFAC1F9FC72B007710C2 /* LayoutDirection.swift in Sources */ = {isa = PBXBuildFile; fileRef = 6024DFAB1F9FC72B007710C2 /* LayoutDirection.swift */; };
		6024DFAE1F9FC883007710C2 /* SizeCategory.swift in Sources */ = {isa = PBXBuildFile; fileRef = 6024DFAD1F9FC883007710C2 /* SizeCategory.swift */; };
		6024DFB01F9FCA00007710C2 /* DisplayGamut.swift in Sources */ = {isa = PBXBuildFile; fileRef = 6024DFAF1F9FCA00007710C2 /* DisplayGamut.swift */; };
		60E2D4A51D5A76A100B4ADE2 /* Briggs.h in Headers */ = {isa = PBXBuildFile; fileRef = 60E2D4A41D5A76A100B4ADE2 /* Briggs.h */; settings = {ATTRIBUTES = (Public, ); }; };
		60E2D4B51D5A788500B4ADE2 /* AdaptiveAttributeTraitCollectionExtension.swift in Sources */ = {isa = PBXBuildFile; fileRef = 60E2D4B01D5A788500B4ADE2 /* AdaptiveAttributeTraitCollectionExtension.swift */; };
		60E2D4B61D5A788500B4ADE2 /* ForceTouch.swift in Sources */ = {isa = PBXBuildFile; fileRef = 60E2D4B11D5A788500B4ADE2 /* ForceTouch.swift */; };
		60E2D4B71D5A788500B4ADE2 /* Idiom.swift in Sources */ = {isa = PBXBuildFile; fileRef = 60E2D4B21D5A788500B4ADE2 /* Idiom.swift */; };
		60E2D4B81D5A788500B4ADE2 /* Scale.swift in Sources */ = {isa = PBXBuildFile; fileRef = 60E2D4B31D5A788500B4ADE2 /* Scale.swift */; };
		60E2D4B91D5A788500B4ADE2 /* SizeClass.swift in Sources */ = {isa = PBXBuildFile; fileRef = 60E2D4B41D5A788500B4ADE2 /* SizeClass.swift */; };
		60E2D4BD1D5A789400B4ADE2 /* AdaptiveBehavior.swift in Sources */ = {isa = PBXBuildFile; fileRef = 60E2D4BA1D5A789400B4ADE2 /* AdaptiveBehavior.swift */; };
		60E2D4BE1D5A789400B4ADE2 /* AdaptiveConstraintContainer.swift in Sources */ = {isa = PBXBuildFile; fileRef = 60E2D4BB1D5A789400B4ADE2 /* AdaptiveConstraintContainer.swift */; };
		60E2D4BF1D5A789400B4ADE2 /* AdaptiveViewContainer.swift in Sources */ = {isa = PBXBuildFile; fileRef = 60E2D4BC1D5A789400B4ADE2 /* AdaptiveViewContainer.swift */; };
		60E2D4C31D5A789C00B4ADE2 /* AdaptiveAttribute.swift in Sources */ = {isa = PBXBuildFile; fileRef = 60E2D4C01D5A789C00B4ADE2 /* AdaptiveAttribute.swift */; };
		60E2D4C41D5A789C00B4ADE2 /* AdaptiveElement.swift in Sources */ = {isa = PBXBuildFile; fileRef = 60E2D4C11D5A789C00B4ADE2 /* AdaptiveElement.swift */; };
		60E2D4C51D5A789C00B4ADE2 /* AdaptiveInterface.swift in Sources */ = {isa = PBXBuildFile; fileRef = 60E2D4C21D5A789C00B4ADE2 /* AdaptiveInterface.swift */; };
/* End PBXBuildFile section */

/* Begin PBXFileReference section */
		6003FBE31DAEC6CA000BB2FD /* LICENSE */ = {isa = PBXFileReference; lastKnownFileType = text; path = LICENSE; sourceTree = "<group>"; };
		6003FBE41DAEC6CA000BB2FD /* README.md */ = {isa = PBXFileReference; lastKnownFileType = net.daringfireball.markdown; path = README.md; sourceTree = "<group>"; };
		6003FBE61DAED2FA000BB2FD /* Briggs.podspec */ = {isa = PBXFileReference; lastKnownFileType = text; path = Briggs.podspec; sourceTree = "<group>"; };
		6024DFAB1F9FC72B007710C2 /* LayoutDirection.swift */ = {isa = PBXFileReference; lastKnownFileType = sourcecode.swift; path = LayoutDirection.swift; sourceTree = "<group>"; };
		6024DFAD1F9FC883007710C2 /* SizeCategory.swift */ = {isa = PBXFileReference; lastKnownFileType = sourcecode.swift; path = SizeCategory.swift; sourceTree = "<group>"; };
		6024DFAF1F9FCA00007710C2 /* DisplayGamut.swift */ = {isa = PBXFileReference; lastKnownFileType = sourcecode.swift; path = DisplayGamut.swift; sourceTree = "<group>"; };
		60E2D4A11D5A76A100B4ADE2 /* Briggs.framework */ = {isa = PBXFileReference; explicitFileType = wrapper.framework; includeInIndex = 0; path = Briggs.framework; sourceTree = BUILT_PRODUCTS_DIR; };
		60E2D4A41D5A76A100B4ADE2 /* Briggs.h */ = {isa = PBXFileReference; lastKnownFileType = sourcecode.c.h; path = Briggs.h; sourceTree = "<group>"; };
		60E2D4A61D5A76A100B4ADE2 /* Info.plist */ = {isa = PBXFileReference; lastKnownFileType = text.plist.xml; path = Info.plist; sourceTree = "<group>"; };
		60E2D4B01D5A788500B4ADE2 /* AdaptiveAttributeTraitCollectionExtension.swift */ = {isa = PBXFileReference; fileEncoding = 4; lastKnownFileType = sourcecode.swift; path = AdaptiveAttributeTraitCollectionExtension.swift; sourceTree = "<group>"; };
		60E2D4B11D5A788500B4ADE2 /* ForceTouch.swift */ = {isa = PBXFileReference; fileEncoding = 4; lastKnownFileType = sourcecode.swift; path = ForceTouch.swift; sourceTree = "<group>"; };
		60E2D4B21D5A788500B4ADE2 /* Idiom.swift */ = {isa = PBXFileReference; fileEncoding = 4; lastKnownFileType = sourcecode.swift; path = Idiom.swift; sourceTree = "<group>"; };
		60E2D4B31D5A788500B4ADE2 /* Scale.swift */ = {isa = PBXFileReference; fileEncoding = 4; lastKnownFileType = sourcecode.swift; path = Scale.swift; sourceTree = "<group>"; };
		60E2D4B41D5A788500B4ADE2 /* SizeClass.swift */ = {isa = PBXFileReference; fileEncoding = 4; lastKnownFileType = sourcecode.swift; path = SizeClass.swift; sourceTree = "<group>"; };
		60E2D4BA1D5A789400B4ADE2 /* AdaptiveBehavior.swift */ = {isa = PBXFileReference; fileEncoding = 4; lastKnownFileType = sourcecode.swift; path = AdaptiveBehavior.swift; sourceTree = "<group>"; };
		60E2D4BB1D5A789400B4ADE2 /* AdaptiveConstraintContainer.swift */ = {isa = PBXFileReference; fileEncoding = 4; lastKnownFileType = sourcecode.swift; path = AdaptiveConstraintContainer.swift; sourceTree = "<group>"; };
		60E2D4BC1D5A789400B4ADE2 /* AdaptiveViewContainer.swift */ = {isa = PBXFileReference; fileEncoding = 4; lastKnownFileType = sourcecode.swift; path = AdaptiveViewContainer.swift; sourceTree = "<group>"; };
		60E2D4C01D5A789C00B4ADE2 /* AdaptiveAttribute.swift */ = {isa = PBXFileReference; fileEncoding = 4; lastKnownFileType = sourcecode.swift; path = AdaptiveAttribute.swift; sourceTree = "<group>"; };
		60E2D4C11D5A789C00B4ADE2 /* AdaptiveElement.swift */ = {isa = PBXFileReference; fileEncoding = 4; lastKnownFileType = sourcecode.swift; path = AdaptiveElement.swift; sourceTree = "<group>"; };
		60E2D4C21D5A789C00B4ADE2 /* AdaptiveInterface.swift */ = {isa = PBXFileReference; fileEncoding = 4; lastKnownFileType = sourcecode.swift; path = AdaptiveInterface.swift; sourceTree = "<group>"; };
/* End PBXFileReference section */

/* Begin PBXFrameworksBuildPhase section */
		60E2D49D1D5A76A100B4ADE2 /* Frameworks */ = {
			isa = PBXFrameworksBuildPhase;
			buildActionMask = 2147483647;
			files = (
			);
			runOnlyForDeploymentPostprocessing = 0;
		};
/* End PBXFrameworksBuildPhase section */

/* Begin PBXGroup section */
		60E2D4971D5A76A100B4ADE2 = {
			isa = PBXGroup;
			children = (
				6003FBE31DAEC6CA000BB2FD /* LICENSE */,
				6003FBE41DAEC6CA000BB2FD /* README.md */,
				6003FBE61DAED2FA000BB2FD /* Briggs.podspec */,
				60E2D4A31D5A76A100B4ADE2 /* Source */,
				60E2D4A21D5A76A100B4ADE2 /* Products */,
			);
			sourceTree = "<group>";
		};
		60E2D4A21D5A76A100B4ADE2 /* Products */ = {
			isa = PBXGroup;
			children = (
				60E2D4A11D5A76A100B4ADE2 /* Briggs.framework */,
			);
			name = Products;
			sourceTree = "<group>";
		};
		60E2D4A31D5A76A100B4ADE2 /* Source */ = {
			isa = PBXGroup;
			children = (
				60E2D4AD1D5A785400B4ADE2 /* Adaptive Attributes */,
				60E2D4AE1D5A786300B4ADE2 /* Adaptive Containers */,
				60E2D4AF1D5A786B00B4ADE2 /* Adaptive Protocols */,
				60E2D4AC1D5A781200B4ADE2 /* Supporting Files */,
			);
			path = Source;
			sourceTree = "<group>";
		};
		60E2D4AC1D5A781200B4ADE2 /* Supporting Files */ = {
			isa = PBXGroup;
			children = (
				60E2D4A41D5A76A100B4ADE2 /* Briggs.h */,
				60E2D4A61D5A76A100B4ADE2 /* Info.plist */,
			);
			name = "Supporting Files";
			sourceTree = "<group>";
		};
		60E2D4AD1D5A785400B4ADE2 /* Adaptive Attributes */ = {
			isa = PBXGroup;
			children = (
				60E2D4B01D5A788500B4ADE2 /* AdaptiveAttributeTraitCollectionExtension.swift */,
				60E2D4B11D5A788500B4ADE2 /* ForceTouch.swift */,
				60E2D4B21D5A788500B4ADE2 /* Idiom.swift */,
				60E2D4B31D5A788500B4ADE2 /* Scale.swift */,
				60E2D4B41D5A788500B4ADE2 /* SizeClass.swift */,
				6024DFAB1F9FC72B007710C2 /* LayoutDirection.swift */,
				6024DFAD1F9FC883007710C2 /* SizeCategory.swift */,
				6024DFAF1F9FCA00007710C2 /* DisplayGamut.swift */,
			);
			name = "Adaptive Attributes";
			sourceTree = "<group>";
		};
		60E2D4AE1D5A786300B4ADE2 /* Adaptive Containers */ = {
			isa = PBXGroup;
			children = (
				60E2D4BA1D5A789400B4ADE2 /* AdaptiveBehavior.swift */,
				60E2D4BB1D5A789400B4ADE2 /* AdaptiveConstraintContainer.swift */,
				60E2D4BC1D5A789400B4ADE2 /* AdaptiveViewContainer.swift */,
			);
			name = "Adaptive Containers";
			sourceTree = "<group>";
		};
		60E2D4AF1D5A786B00B4ADE2 /* Adaptive Protocols */ = {
			isa = PBXGroup;
			children = (
				60E2D4C01D5A789C00B4ADE2 /* AdaptiveAttribute.swift */,
				60E2D4C11D5A789C00B4ADE2 /* AdaptiveElement.swift */,
				60E2D4C21D5A789C00B4ADE2 /* AdaptiveInterface.swift */,
			);
			name = "Adaptive Protocols";
			sourceTree = "<group>";
		};
/* End PBXGroup section */

/* Begin PBXHeadersBuildPhase section */
		60E2D49E1D5A76A100B4ADE2 /* Headers */ = {
			isa = PBXHeadersBuildPhase;
			buildActionMask = 2147483647;
			files = (
				60E2D4A51D5A76A100B4ADE2 /* Briggs.h in Headers */,
			);
			runOnlyForDeploymentPostprocessing = 0;
		};
/* End PBXHeadersBuildPhase section */

/* Begin PBXNativeTarget section */
		60E2D4A01D5A76A100B4ADE2 /* Briggs */ = {
			isa = PBXNativeTarget;
			buildConfigurationList = 60E2D4A91D5A76A100B4ADE2 /* Build configuration list for PBXNativeTarget "Briggs" */;
			buildPhases = (
				60E2D49C1D5A76A100B4ADE2 /* Sources */,
				60E2D49D1D5A76A100B4ADE2 /* Frameworks */,
				60E2D49E1D5A76A100B4ADE2 /* Headers */,
				60E2D49F1D5A76A100B4ADE2 /* Resources */,
			);
			buildRules = (
			);
			dependencies = (
			);
			name = Briggs;
			productName = Briggs;
			productReference = 60E2D4A11D5A76A100B4ADE2 /* Briggs.framework */;
			productType = "com.apple.product-type.framework";
		};
/* End PBXNativeTarget section */

/* Begin PBXProject section */
		60E2D4981D5A76A100B4ADE2 /* Project object */ = {
			isa = PBXProject;
			attributes = {
				LastUpgradeCheck = 0800;
				ORGANIZATIONNAME = Auswahlaxiom;
				TargetAttributes = {
					60E2D4A01D5A76A100B4ADE2 = {
						CreatedOnToolsVersion = 7.3.1;
						LastSwiftMigration = 0900;
					};
				};
			};
			buildConfigurationList = 60E2D49B1D5A76A100B4ADE2 /* Build configuration list for PBXProject "Briggs" */;
			compatibilityVersion = "Xcode 3.2";
			developmentRegion = English;
			hasScannedForEncodings = 0;
			knownRegions = (
				en,
			);
			mainGroup = 60E2D4971D5A76A100B4ADE2;
			productRefGroup = 60E2D4A21D5A76A100B4ADE2 /* Products */;
			projectDirPath = "";
			projectRoot = "";
			targets = (
				60E2D4A01D5A76A100B4ADE2 /* Briggs */,
			);
		};
/* End PBXProject section */

/* Begin PBXResourcesBuildPhase section */
		60E2D49F1D5A76A100B4ADE2 /* Resources */ = {
			isa = PBXResourcesBuildPhase;
			buildActionMask = 2147483647;
			files = (
			);
			runOnlyForDeploymentPostprocessing = 0;
		};
/* End PBXResourcesBuildPhase section */

/* Begin PBXSourcesBuildPhase section */
		60E2D49C1D5A76A100B4ADE2 /* Sources */ = {
			isa = PBXSourcesBuildPhase;
			buildActionMask = 2147483647;
			files = (
				60E2D4B71D5A788500B4ADE2 /* Idiom.swift in Sources */,
				60E2D4C51D5A789C00B4ADE2 /* AdaptiveInterface.swift in Sources */,
				6024DFAE1F9FC883007710C2 /* SizeCategory.swift in Sources */,
				60E2D4BE1D5A789400B4ADE2 /* AdaptiveConstraintContainer.swift in Sources */,
				60E2D4C31D5A789C00B4ADE2 /* AdaptiveAttribute.swift in Sources */,
				60E2D4BF1D5A789400B4ADE2 /* AdaptiveViewContainer.swift in Sources */,
				60E2D4C41D5A789C00B4ADE2 /* AdaptiveElement.swift in Sources */,
				60E2D4BD1D5A789400B4ADE2 /* AdaptiveBehavior.swift in Sources */,
				60E2D4B91D5A788500B4ADE2 /* SizeClass.swift in Sources */,
				60E2D4B51D5A788500B4ADE2 /* AdaptiveAttributeTraitCollectionExtension.swift in Sources */,
				60E2D4B81D5A788500B4ADE2 /* Scale.swift in Sources */,
				6024DFB01F9FCA00007710C2 /* DisplayGamut.swift in Sources */,
				60E2D4B61D5A788500B4ADE2 /* ForceTouch.swift in Sources */,
				6024DFAC1F9FC72B007710C2 /* LayoutDirection.swift in Sources */,
			);
			runOnlyForDeploymentPostprocessing = 0;
		};
/* End PBXSourcesBuildPhase section */

/* Begin XCBuildConfiguration section */
		60E2D4A71D5A76A100B4ADE2 /* Debug */ = {
			isa = XCBuildConfiguration;
			buildSettings = {
				ALWAYS_SEARCH_USER_PATHS = NO;
				CLANG_ANALYZER_NONNULL = YES;
				CLANG_CXX_LANGUAGE_STANDARD = "gnu++0x";
				CLANG_CXX_LIBRARY = "libc++";
				CLANG_ENABLE_MODULES = YES;
				CLANG_ENABLE_OBJC_ARC = YES;
				CLANG_WARN_BOOL_CONVERSION = YES;
				CLANG_WARN_CONSTANT_CONVERSION = YES;
				CLANG_WARN_DIRECT_OBJC_ISA_USAGE = YES_ERROR;
				CLANG_WARN_EMPTY_BODY = YES;
				CLANG_WARN_ENUM_CONVERSION = YES;
				CLANG_WARN_INFINITE_RECURSION = YES;
				CLANG_WARN_INT_CONVERSION = YES;
				CLANG_WARN_OBJC_ROOT_CLASS = YES_ERROR;
				CLANG_WARN_SUSPICIOUS_MOVE = YES;
				CLANG_WARN_UNREACHABLE_CODE = YES;
				CLANG_WARN__DUPLICATE_METHOD_MATCH = YES;
				"CODE_SIGN_IDENTITY[sdk=iphoneos*]" = "iPhone Developer";
				COPY_PHASE_STRIP = NO;
				CURRENT_PROJECT_VERSION = 1;
				DEBUG_INFORMATION_FORMAT = dwarf;
				ENABLE_STRICT_OBJC_MSGSEND = YES;
				ENABLE_TESTABILITY = YES;
				GCC_C_LANGUAGE_STANDARD = gnu99;
				GCC_DYNAMIC_NO_PIC = NO;
				GCC_NO_COMMON_BLOCKS = YES;
				GCC_OPTIMIZATION_LEVEL = 0;
				GCC_PREPROCESSOR_DEFINITIONS = (
					"DEBUG=1",
					"$(inherited)",
				);
				GCC_WARN_64_TO_32_BIT_CONVERSION = YES;
				GCC_WARN_ABOUT_RETURN_TYPE = YES_ERROR;
				GCC_WARN_UNDECLARED_SELECTOR = YES;
				GCC_WARN_UNINITIALIZED_AUTOS = YES_AGGRESSIVE;
				GCC_WARN_UNUSED_FUNCTION = YES;
				GCC_WARN_UNUSED_VARIABLE = YES;
				IPHONEOS_DEPLOYMENT_TARGET = 10.0;
				MTL_ENABLE_DEBUG_INFO = YES;
				ONLY_ACTIVE_ARCH = YES;
				SDKROOT = iphoneos;
				SWIFT_OPTIMIZATION_LEVEL = "-Onone";
				TARGETED_DEVICE_FAMILY = "1,2";
				VERSIONING_SYSTEM = "apple-generic";
				VERSION_INFO_PREFIX = "";
			};
			name = Debug;
		};
		60E2D4A81D5A76A100B4ADE2 /* Release */ = {
			isa = XCBuildConfiguration;
			buildSettings = {
				ALWAYS_SEARCH_USER_PATHS = NO;
				CLANG_ANALYZER_NONNULL = YES;
				CLANG_CXX_LANGUAGE_STANDARD = "gnu++0x";
				CLANG_CXX_LIBRARY = "libc++";
				CLANG_ENABLE_MODULES = YES;
				CLANG_ENABLE_OBJC_ARC = YES;
				CLANG_WARN_BOOL_CONVERSION = YES;
				CLANG_WARN_CONSTANT_CONVERSION = YES;
				CLANG_WARN_DIRECT_OBJC_ISA_USAGE = YES_ERROR;
				CLANG_WARN_EMPTY_BODY = YES;
				CLANG_WARN_ENUM_CONVERSION = YES;
				CLANG_WARN_INFINITE_RECURSION = YES;
				CLANG_WARN_INT_CONVERSION = YES;
				CLANG_WARN_OBJC_ROOT_CLASS = YES_ERROR;
				CLANG_WARN_SUSPICIOUS_MOVE = YES;
				CLANG_WARN_UNREACHABLE_CODE = YES;
				CLANG_WARN__DUPLICATE_METHOD_MATCH = YES;
				"CODE_SIGN_IDENTITY[sdk=iphoneos*]" = "iPhone Developer";
				COPY_PHASE_STRIP = NO;
				CURRENT_PROJECT_VERSION = 1;
				DEBUG_INFORMATION_FORMAT = "dwarf-with-dsym";
				ENABLE_NS_ASSERTIONS = NO;
				ENABLE_STRICT_OBJC_MSGSEND = YES;
				GCC_C_LANGUAGE_STANDARD = gnu99;
				GCC_NO_COMMON_BLOCKS = YES;
				GCC_WARN_64_TO_32_BIT_CONVERSION = YES;
				GCC_WARN_ABOUT_RETURN_TYPE = YES_ERROR;
				GCC_WARN_UNDECLARED_SELECTOR = YES;
				GCC_WARN_UNINITIALIZED_AUTOS = YES_AGGRESSIVE;
				GCC_WARN_UNUSED_FUNCTION = YES;
				GCC_WARN_UNUSED_VARIABLE = YES;
				IPHONEOS_DEPLOYMENT_TARGET = 10.0;
				MTL_ENABLE_DEBUG_INFO = NO;
				ONLY_ACTIVE_ARCH = NO;
				SDKROOT = iphoneos;
				SWIFT_OPTIMIZATION_LEVEL = "-Owholemodule";
				TARGETED_DEVICE_FAMILY = "1,2";
				VALIDATE_PRODUCT = YES;
				VERSIONING_SYSTEM = "apple-generic";
				VERSION_INFO_PREFIX = "";
			};
			name = Release;
		};
		60E2D4AA1D5A76A100B4ADE2 /* Debug */ = {
			isa = XCBuildConfiguration;
			buildSettings = {
				APPLICATION_EXTENSION_API_ONLY = YES;
				CLANG_ENABLE_MODULES = YES;
				"CODE_SIGN_IDENTITY[sdk=iphoneos*]" = "";
				DEFINES_MODULE = YES;
				DYLIB_COMPATIBILITY_VERSION = 1;
				DYLIB_CURRENT_VERSION = 1;
				DYLIB_INSTALL_NAME_BASE = "@rpath";
				INFOPLIST_FILE = "$(SRCROOT)/Source/Info.plist";
				INSTALL_PATH = "$(LOCAL_LIBRARY_DIR)/Frameworks";
				IPHONEOS_DEPLOYMENT_TARGET = 10.0;
				LD_RUNPATH_SEARCH_PATHS = "$(inherited) @executable_path/Frameworks @loader_path/Frameworks";
				PRODUCT_BUNDLE_IDENTIFIER = com.auswahlaxiom.Briggs;
				PRODUCT_NAME = "$(TARGET_NAME)";
				SKIP_INSTALL = YES;
				SWIFT_OPTIMIZATION_LEVEL = "-Onone";
				SWIFT_SWIFT3_OBJC_INFERENCE = On;
				SWIFT_VERSION = 4.0;
			};
			name = Debug;
		};
		60E2D4AB1D5A76A100B4ADE2 /* Release */ = {
			isa = XCBuildConfiguration;
			buildSettings = {
				APPLICATION_EXTENSION_API_ONLY = YES;
				CLANG_ENABLE_MODULES = YES;
				"CODE_SIGN_IDENTITY[sdk=iphoneos*]" = "";
				DEFINES_MODULE = YES;
				DYLIB_COMPATIBILITY_VERSION = 1;
				DYLIB_CURRENT_VERSION = 1;
				DYLIB_INSTALL_NAME_BASE = "@rpath";
				INFOPLIST_FILE = "$(SRCROOT)/Source/Info.plist";
				INSTALL_PATH = "$(LOCAL_LIBRARY_DIR)/Frameworks";
				IPHONEOS_DEPLOYMENT_TARGET = 10.0;
				LD_RUNPATH_SEARCH_PATHS = "$(inherited) @executable_path/Frameworks @loader_path/Frameworks";
				PRODUCT_BUNDLE_IDENTIFIER = com.auswahlaxiom.Briggs;
				PRODUCT_NAME = "$(TARGET_NAME)";
				SKIP_INSTALL = YES;
				SWIFT_SWIFT3_OBJC_INFERENCE = On;
				SWIFT_VERSION = 4.0;
			};
			name = Release;
		};
/* End XCBuildConfiguration section */

/* Begin XCConfigurationList section */
		60E2D49B1D5A76A100B4ADE2 /* Build configuration list for PBXProject "Briggs" */ = {
			isa = XCConfigurationList;
			buildConfigurations = (
				60E2D4A71D5A76A100B4ADE2 /* Debug */,
				60E2D4A81D5A76A100B4ADE2 /* Release */,
			);
			defaultConfigurationIsVisible = 0;
			defaultConfigurationName = Release;
		};
		60E2D4A91D5A76A100B4ADE2 /* Build configuration list for PBXNativeTarget "Briggs" */ = {
			isa = XCConfigurationList;
			buildConfigurations = (
				60E2D4AA1D5A76A100B4ADE2 /* Debug */,
				60E2D4AB1D5A76A100B4ADE2 /* Release */,
			);
			defaultConfigurationIsVisible = 0;
			defaultConfigurationName = Release;
		};
/* End XCConfigurationList section */
	};
	rootObject = 60E2D4981D5A76A100B4ADE2 /* Project object */;
}
